
Microsoft Visual Studio Solution File, Format Version 12.00
# Visual Studio 2012
Project("{FAE04EC0-301F-11D3-BF4B-00C04F79EFBC}") = "DemoXSS", "DemoXSS\DemoXSS.csproj", "{BDDC0DB1-0CCB-48AF-869F-8F5F171587F0}"
EndProject
Global
	GlobalSection(SolutionConfigurationPlatforms) = preSolution
		Debug|Any CPU = Debug|Any CPU
		Release|Any CPU = Release|Any CPU
	EndGlobalSection
	GlobalSection(ProjectConfigurationPlatforms) = postSolution
		{BDDC0DB1-0CCB-48AF-869F-8F5F171587F0}.Debug|Any CPU.ActiveCfg = Debug|Any CPU
		{BDDC0DB1-0CCB-48AF-869F-8F5F171587F0}.Debug|Any CPU.Build.0 = Debug|Any CPU
		{BDDC0DB1-0CCB-48AF-869F-8F5F171587F0}.Release|Any CPU.ActiveCfg = Release|Any CPU
		{BDDC0DB1-0CCB-48AF-869F-8F5F171587F0}.Release|Any CPU.Build.0 = Release|Any CPU
	EndGlobalSection
	GlobalSection(SolutionProperties) = preSolution
		HideSolutionNode = FALSE
	EndGlobalSection
EndGlobal
